
Microsoft Visual Studio Solution File, Format Version 12.00
# Visual Studio Version 17
VisualStudioVersion = 17.4.33213.308
MinimumVisualStudioVersion = 10.0.40219.1
Project("{FAE04EC0-301F-11D3-BF4B-00C04F79EFBC}") = "Learn_Avalonia", "Learn_Avalonia.csproj", "{DA3EA2EE-DFB6-4434-BDAE-9B9B33EA0FBB}"
EndProject
Global
	GlobalSection(SolutionConfigurationPlatforms) = preSolution
		Debug|Any CPU = Debug|Any CPU
		Release|Any CPU = Release|Any CPU
	EndGlobalSection
	GlobalSection(ProjectConfigurationPlatforms) = postSolution
		{DA3EA2EE-DFB6-4434-BDAE-9B9B33EA0FBB}.Debug|Any CPU.ActiveCfg = Debug|Any CPU
		{DA3EA2EE-DFB6-4434-BDAE-9B9B33EA0FBB}.Debug|Any CPU.Build.0 = Debug|Any CPU
		{DA3EA2EE-DFB6-4434-BDAE-9B9B33EA0FBB}.Release|Any CPU.ActiveCfg = Release|Any CPU
		{DA3EA2EE-DFB6-4434-BDAE-9B9B33EA0FBB}.Release|Any CPU.Build.0 = Release|Any CPU
	EndGlobalSection
	GlobalSection(SolutionProperties) = preSolution
		HideSolutionNode = FALSE
	EndGlobalSection
	GlobalSection(ExtensibilityGlobals) = postSolution
		SolutionGuid = {FE2C1B4E-31BC-4D43-B53B-535347611C0B}
	EndGlobalSection
EndGlobal
